// !$*UTF8*$!
{
	archiveVersion = 1;
	classes = {
	};
	objectVersion = 46;
	objects = {

/* Begin PBXBuildFile section */
		84DECFD71F6108DF00236995 /* AppDelegate.swift in Sources */ = {isa = PBXBuildFile; fileRef = 84DECFD61F6108DF00236995 /* AppDelegate.swift */; };
		84DECFD91F6108DF00236995 /* FoodChoiceVC.swift in Sources */ = {isa = PBXBuildFile; fileRef = 84DECFD81F6108DF00236995 /* FoodChoiceVC.swift */; };
		84DECFDE1F6108DF00236995 /* Assets.xcassets in Resources */ = {isa = PBXBuildFile; fileRef = 84DECFDD1F6108DF00236995 /* Assets.xcassets */; };
		84DECFE11F6108DF00236995 /* LaunchScreen.storyboard in Resources */ = {isa = PBXBuildFile; fileRef = 84DECFDF1F6108DF00236995 /* LaunchScreen.storyboard */; };
		84DECFE91F610BC200236995 /* CuisineChoices.swift in Sources */ = {isa = PBXBuildFile; fileRef = 84DECFE81F610BC200236995 /* CuisineChoices.swift */; };
		84DECFEB1F610C9000236995 /* FoodTracker.swift in Sources */ = {isa = PBXBuildFile; fileRef = 84DECFEA1F610C9000236995 /* FoodTracker.swift */; };
		84DECFED1F61120400236995 /* Cuisine.swift in Sources */ = {isa = PBXBuildFile; fileRef = 84DECFEC1F61120400236995 /* Cuisine.swift */; };
		84DECFEF1F61149E00236995 /* Dish.swift in Sources */ = {isa = PBXBuildFile; fileRef = 84DECFEE1F61149E00236995 /* Dish.swift */; };
		84DECFF81F6138CE00236995 /* FoodTrackingSessionTests.swift in Sources */ = {isa = PBXBuildFile; fileRef = 84DECFF71F6138CE00236995 /* FoodTrackingSessionTests.swift */; };
		84DECFFF1F613A1B00236995 /* Cuisine.swift in Sources */ = {isa = PBXBuildFile; fileRef = 84DECFEC1F61120400236995 /* Cuisine.swift */; };
		84DED0001F613A3F00236995 /* FoodTracker.swift in Sources */ = {isa = PBXBuildFile; fileRef = 84DECFEA1F610C9000236995 /* FoodTracker.swift */; };
		84DED0011F613BB700236995 /* CuisineChoices.swift in Sources */ = {isa = PBXBuildFile; fileRef = 84DECFE81F610BC200236995 /* CuisineChoices.swift */; };
		84DED0021F613BBB00236995 /* Dish.swift in Sources */ = {isa = PBXBuildFile; fileRef = 84DECFEE1F61149E00236995 /* Dish.swift */; };
		84DED0041F6247AA00236995 /* RoundResults.swift in Sources */ = {isa = PBXBuildFile; fileRef = 84DED0031F6247AA00236995 /* RoundResults.swift */; };
		84DED0051F6247AA00236995 /* RoundResults.swift in Sources */ = {isa = PBXBuildFile; fileRef = 84DED0031F6247AA00236995 /* RoundResults.swift */; };
		84DED0071F624C8200236995 /* Constants.swift in Sources */ = {isa = PBXBuildFile; fileRef = 84DED0061F624C8200236995 /* Constants.swift */; };
		84DED0081F624C8200236995 /* Constants.swift in Sources */ = {isa = PBXBuildFile; fileRef = 84DED0061F624C8200236995 /* Constants.swift */; };
		84DED00E1F67912600236995 /* DishCardViewManager.swift in Sources */ = {isa = PBXBuildFile; fileRef = 84DED00D1F67912600236995 /* DishCardViewManager.swift */; };
		84DED00F1F67912600236995 /* DishCardViewManager.swift in Sources */ = {isa = PBXBuildFile; fileRef = 84DED00D1F67912600236995 /* DishCardViewManager.swift */; };
		84DED0121F67D2A800236995 /* HTTPManager.swift in Sources */ = {isa = PBXBuildFile; fileRef = 84DED0111F67D2A800236995 /* HTTPManager.swift */; };
		84DED0141F67D2BF00236995 /* RestaurantSearchRequest.swift in Sources */ = {isa = PBXBuildFile; fileRef = 84DED0131F67D2BF00236995 /* RestaurantSearchRequest.swift */; };
		8B50BE4B1F61C69000202929 /* RoundCreator.swift in Sources */ = {isa = PBXBuildFile; fileRef = 8B50BE4A1F61C69000202929 /* RoundCreator.swift */; };
		8B50BE4C1F61C69000202929 /* RoundCreator.swift in Sources */ = {isa = PBXBuildFile; fileRef = 8B50BE4A1F61C69000202929 /* RoundCreator.swift */; };
		8B50BE4E1F62108100202929 /* Extensions.swift in Sources */ = {isa = PBXBuildFile; fileRef = 8B50BE4D1F62108100202929 /* Extensions.swift */; };
		8B50BE4F1F62108100202929 /* Extensions.swift in Sources */ = {isa = PBXBuildFile; fileRef = 8B50BE4D1F62108100202929 /* Extensions.swift */; };
		8B50BE511F621BCE00202929 /* WinChecker.swift in Sources */ = {isa = PBXBuildFile; fileRef = 8B50BE501F621BCE00202929 /* WinChecker.swift */; };
		8B50BE521F621BCE00202929 /* WinChecker.swift in Sources */ = {isa = PBXBuildFile; fileRef = 8B50BE501F621BCE00202929 /* WinChecker.swift */; };
		8B50BE541F6332CC00202929 /* Winner.swift in Sources */ = {isa = PBXBuildFile; fileRef = 8B50BE531F6332CC00202929 /* Winner.swift */; };
		8B50BE551F6332CC00202929 /* Winner.swift in Sources */ = {isa = PBXBuildFile; fileRef = 8B50BE531F6332CC00202929 /* Winner.swift */; };
		8B50BE571F6340B800202929 /* WinningVC.swift in Sources */ = {isa = PBXBuildFile; fileRef = 8B50BE561F6340B800202929 /* WinningVC.swift */; };
		8B50BE581F6340B800202929 /* WinningVC.swift in Sources */ = {isa = PBXBuildFile; fileRef = 8B50BE561F6340B800202929 /* WinningVC.swift */; };
		8B50BE5B1F6350D900202929 /* DishCardView.swift in Sources */ = {isa = PBXBuildFile; fileRef = 8B50BE5A1F6350D900202929 /* DishCardView.swift */; };
		8B50BE5C1F6350D900202929 /* DishCardView.swift in Sources */ = {isa = PBXBuildFile; fileRef = 8B50BE5A1F6350D900202929 /* DishCardView.swift */; };
/* End PBXBuildFile section */

/* Begin PBXContainerItemProxy section */
		84DECFFA1F6138CE00236995 /* PBXContainerItemProxy */ = {
			isa = PBXContainerItemProxy;
			containerPortal = 84DECFCB1F6108DF00236995 /* Project object */;
			proxyType = 1;
			remoteGlobalIDString = 84DECFD21F6108DF00236995;
			remoteInfo = "What To Eat";
		};
/* End PBXContainerItemProxy section */

/* Begin PBXFileReference section */
		84DECFD31F6108DF00236995 /* What To Eat.app */ = {isa = PBXFileReference; explicitFileType = wrapper.application; includeInIndex = 0; path = "What To Eat.app"; sourceTree = BUILT_PRODUCTS_DIR; };
		84DECFD61F6108DF00236995 /* AppDelegate.swift */ = {isa = PBXFileReference; lastKnownFileType = sourcecode.swift; path = AppDelegate.swift; sourceTree = "<group>"; };
		84DECFD81F6108DF00236995 /* FoodChoiceVC.swift */ = {isa = PBXFileReference; lastKnownFileType = sourcecode.swift; path = FoodChoiceVC.swift; sourceTree = "<group>"; };
		84DECFDD1F6108DF00236995 /* Assets.xcassets */ = {isa = PBXFileReference; lastKnownFileType = folder.assetcatalog; path = Assets.xcassets; sourceTree = "<group>"; };
		84DECFE01F6108DF00236995 /* Base */ = {isa = PBXFileReference; lastKnownFileType = file.storyboard; name = Base; path = Base.lproj/LaunchScreen.storyboard; sourceTree = "<group>"; };
		84DECFE21F6108DF00236995 /* Info.plist */ = {isa = PBXFileReference; lastKnownFileType = text.plist.xml; path = Info.plist; sourceTree = "<group>"; };
		84DECFE81F610BC200236995 /* CuisineChoices.swift */ = {isa = PBXFileReference; fileEncoding = 4; lastKnownFileType = sourcecode.swift; path = CuisineChoices.swift; sourceTree = "<group>"; };
		84DECFEA1F610C9000236995 /* FoodTracker.swift */ = {isa = PBXFileReference; fileEncoding = 4; lastKnownFileType = sourcecode.swift; path = FoodTracker.swift; sourceTree = "<group>"; };
		84DECFEC1F61120400236995 /* Cuisine.swift */ = {isa = PBXFileReference; fileEncoding = 4; lastKnownFileType = sourcecode.swift; path = Cuisine.swift; sourceTree = "<group>"; };
		84DECFEE1F61149E00236995 /* Dish.swift */ = {isa = PBXFileReference; fileEncoding = 4; lastKnownFileType = sourcecode.swift; path = Dish.swift; sourceTree = "<group>"; };
		84DECFF51F6138CE00236995 /* What To EatTests.xctest */ = {isa = PBXFileReference; explicitFileType = wrapper.cfbundle; includeInIndex = 0; path = "What To EatTests.xctest"; sourceTree = BUILT_PRODUCTS_DIR; };
		84DECFF71F6138CE00236995 /* FoodTrackingSessionTests.swift */ = {isa = PBXFileReference; lastKnownFileType = sourcecode.swift; path = FoodTrackingSessionTests.swift; sourceTree = "<group>"; };
		84DECFF91F6138CE00236995 /* Info.plist */ = {isa = PBXFileReference; lastKnownFileType = text.plist.xml; path = Info.plist; sourceTree = "<group>"; };
		84DED0031F6247AA00236995 /* RoundResults.swift */ = {isa = PBXFileReference; fileEncoding = 4; lastKnownFileType = sourcecode.swift; path = RoundResults.swift; sourceTree = "<group>"; };
		84DED0061F624C8200236995 /* Constants.swift */ = {isa = PBXFileReference; fileEncoding = 4; lastKnownFileType = sourcecode.swift; path = Constants.swift; sourceTree = "<group>"; };
		84DED00D1F67912600236995 /* DishCardViewManager.swift */ = {isa = PBXFileReference; fileEncoding = 4; lastKnownFileType = sourcecode.swift; path = DishCardViewManager.swift; sourceTree = "<group>"; };
		84DED0111F67D2A800236995 /* HTTPManager.swift */ = {isa = PBXFileReference; fileEncoding = 4; lastKnownFileType = sourcecode.swift; path = HTTPManager.swift; sourceTree = "<group>"; };
		84DED0131F67D2BF00236995 /* RestaurantSearchRequest.swift */ = {isa = PBXFileReference; fileEncoding = 4; lastKnownFileType = sourcecode.swift; path = RestaurantSearchRequest.swift; sourceTree = "<group>"; };
		8B50BE4A1F61C69000202929 /* RoundCreator.swift */ = {isa = PBXFileReference; fileEncoding = 4; lastKnownFileType = sourcecode.swift; path = RoundCreator.swift; sourceTree = "<group>"; };
		8B50BE4D1F62108100202929 /* Extensions.swift */ = {isa = PBXFileReference; fileEncoding = 4; lastKnownFileType = sourcecode.swift; path = Extensions.swift; sourceTree = "<group>"; };
		8B50BE501F621BCE00202929 /* WinChecker.swift */ = {isa = PBXFileReference; fileEncoding = 4; lastKnownFileType = sourcecode.swift; path = WinChecker.swift; sourceTree = "<group>"; };
		8B50BE531F6332CC00202929 /* Winner.swift */ = {isa = PBXFileReference; fileEncoding = 4; lastKnownFileType = sourcecode.swift; path = Winner.swift; sourceTree = "<group>"; };
		8B50BE561F6340B800202929 /* WinningVC.swift */ = {isa = PBXFileReference; fileEncoding = 4; lastKnownFileType = sourcecode.swift; path = WinningVC.swift; sourceTree = "<group>"; };
		8B50BE5A1F6350D900202929 /* DishCardView.swift */ = {isa = PBXFileReference; fileEncoding = 4; lastKnownFileType = sourcecode.swift; path = DishCardView.swift; sourceTree = "<group>"; };
/* End PBXFileReference section */

/* Begin PBXFrameworksBuildPhase section */
		84DECFD01F6108DF00236995 /* Frameworks */ = {
			isa = PBXFrameworksBuildPhase;
			buildActionMask = 2147483647;
			files = (
			);
			runOnlyForDeploymentPostprocessing = 0;
		};
		84DECFF21F6138CE00236995 /* Frameworks */ = {
			isa = PBXFrameworksBuildPhase;
			buildActionMask = 2147483647;
			files = (
			);
			runOnlyForDeploymentPostprocessing = 0;
		};
/* End PBXFrameworksBuildPhase section */

/* Begin PBXGroup section */
		84DECFCA1F6108DF00236995 = {
			isa = PBXGroup;
			children = (
				84DECFD51F6108DF00236995 /* What To Eat */,
				84DECFF61F6138CE00236995 /* WhatToEatTests */,
				84DECFD41F6108DF00236995 /* Products */,
			);
			sourceTree = "<group>";
		};
		84DECFD41F6108DF00236995 /* Products */ = {
			isa = PBXGroup;
			children = (
				84DECFD31F6108DF00236995 /* What To Eat.app */,
				84DECFF51F6138CE00236995 /* What To EatTests.xctest */,
			);
			name = Products;
			sourceTree = "<group>";
		};
		84DECFD51F6108DF00236995 /* What To Eat */ = {
			isa = PBXGroup;
			children = (
				84DECFD61F6108DF00236995 /* AppDelegate.swift */,
				84DECFF01F61331400236995 /* Models */,
				8B50BE591F63508900202929 /* View */,
				84DED00C1F628FD100236995 /* Controller */,
				84DED00A1F628F7400236995 /* Helper Functions */,
				84DED0101F67D24000236995 /* HTTP */,
				84DED00B1F628FAC00236995 /* Constants */,
				84DECFDD1F6108DF00236995 /* Assets.xcassets */,
				84DECFDF1F6108DF00236995 /* LaunchScreen.storyboard */,
				84DECFE21F6108DF00236995 /* Info.plist */,
			);
			path = "What To Eat";
			sourceTree = "<group>";
		};
		84DECFF01F61331400236995 /* Models */ = {
			isa = PBXGroup;
			children = (
				84DECFEC1F61120400236995 /* Cuisine.swift */,
				8B50BE531F6332CC00202929 /* Winner.swift */,
				84DECFEE1F61149E00236995 /* Dish.swift */,
				84DED0031F6247AA00236995 /* RoundResults.swift */,
				8B50BE4A1F61C69000202929 /* RoundCreator.swift */,
				84DED00D1F67912600236995 /* DishCardViewManager.swift */,
			);
			path = Models;
			sourceTree = "<group>";
		};
		84DECFF61F6138CE00236995 /* WhatToEatTests */ = {
			isa = PBXGroup;
			children = (
				84DECFF71F6138CE00236995 /* FoodTrackingSessionTests.swift */,
				84DECFF91F6138CE00236995 /* Info.plist */,
			);
			name = WhatToEatTests;
			path = "What To EatTests";
			sourceTree = "<group>";
		};
		84DED00A1F628F7400236995 /* Helper Functions */ = {
			isa = PBXGroup;
			children = (
				8B50BE4D1F62108100202929 /* Extensions.swift */,
				8B50BE501F621BCE00202929 /* WinChecker.swift */,
				84DECFEA1F610C9000236995 /* FoodTracker.swift */,
			);
			path = "Helper Functions";
			sourceTree = "<group>";
		};
		84DED00B1F628FAC00236995 /* Constants */ = {
			isa = PBXGroup;
			children = (
				84DECFE81F610BC200236995 /* CuisineChoices.swift */,
				84DED0061F624C8200236995 /* Constants.swift */,
			);
			path = Constants;
			sourceTree = "<group>";
		};
		84DED00C1F628FD100236995 /* Controller */ = {
			isa = PBXGroup;
			children = (
				8B50BE561F6340B800202929 /* WinningVC.swift */,
				84DECFD81F6108DF00236995 /* FoodChoiceVC.swift */,
			);
			path = Controller;
			sourceTree = "<group>";
		};
		84DED0101F67D24000236995 /* HTTP */ = {
			isa = PBXGroup;
			children = (
				84DED0151F67D2DA00236995 /* Requests */,
				84DED0111F67D2A800236995 /* HTTPManager.swift */,
			);
			path = HTTP;
			sourceTree = "<group>";
		};
		84DED0151F67D2DA00236995 /* Requests */ = {
			isa = PBXGroup;
			children = (
				84DED0131F67D2BF00236995 /* RestaurantSearchRequest.swift */,
			);
			path = Requests;
			sourceTree = "<group>";
		};
		8B50BE591F63508900202929 /* View */ = {
			isa = PBXGroup;
			children = (
				8B50BE5A1F6350D900202929 /* DishCardView.swift */,
			);
			path = View;
			sourceTree = "<group>";
		};
/* End PBXGroup section */

/* Begin PBXNativeTarget section */
		84DECFD21F6108DF00236995 /* What To Eat */ = {
			isa = PBXNativeTarget;
			buildConfigurationList = 84DECFE51F6108DF00236995 /* Build configuration list for PBXNativeTarget "What To Eat" */;
			buildPhases = (
				84DECFCF1F6108DF00236995 /* Sources */,
				84DECFD01F6108DF00236995 /* Frameworks */,
				84DECFD11F6108DF00236995 /* Resources */,
			);
			buildRules = (
			);
			dependencies = (
			);
			name = "What To Eat";
			productName = "What To Eat";
			productReference = 84DECFD31F6108DF00236995 /* What To Eat.app */;
			productType = "com.apple.product-type.application";
		};
		84DECFF41F6138CE00236995 /* What To EatTests */ = {
			isa = PBXNativeTarget;
			buildConfigurationList = 84DECFFC1F6138CE00236995 /* Build configuration list for PBXNativeTarget "What To EatTests" */;
			buildPhases = (
				84DECFF11F6138CE00236995 /* Sources */,
				84DECFF21F6138CE00236995 /* Frameworks */,
				84DECFF31F6138CE00236995 /* Resources */,
			);
			buildRules = (
			);
			dependencies = (
				84DECFFB1F6138CE00236995 /* PBXTargetDependency */,
			);
			name = "What To EatTests";
			productName = "What To EatTests";
			productReference = 84DECFF51F6138CE00236995 /* What To EatTests.xctest */;
			productType = "com.apple.product-type.bundle.unit-test";
		};
/* End PBXNativeTarget section */

/* Begin PBXProject section */
		84DECFCB1F6108DF00236995 /* Project object */ = {
			isa = PBXProject;
			attributes = {
				LastSwiftUpdateCheck = 0830;
				LastUpgradeCheck = 0830;
				ORGANIZATIONNAME = esohjay;
				TargetAttributes = {
					84DECFD21F6108DF00236995 = {
						CreatedOnToolsVersion = 8.3.3;
						DevelopmentTeam = KQ85KX5DW2;
						ProvisioningStyle = Automatic;
					};
					84DECFF41F6138CE00236995 = {
						CreatedOnToolsVersion = 8.3.3;
						DevelopmentTeam = KQ85KX5DW2;
						ProvisioningStyle = Automatic;
						TestTargetID = 84DECFD21F6108DF00236995;
					};
				};
			};
			buildConfigurationList = 84DECFCE1F6108DF00236995 /* Build configuration list for PBXProject "What To Eat" */;
			compatibilityVersion = "Xcode 3.2";
			developmentRegion = English;
			hasScannedForEncodings = 0;
			knownRegions = (
				en,
				Base,
			);
			mainGroup = 84DECFCA1F6108DF00236995;
			productRefGroup = 84DECFD41F6108DF00236995 /* Products */;
			projectDirPath = "";
			projectRoot = "";
			targets = (
				84DECFD21F6108DF00236995 /* What To Eat */,
				84DECFF41F6138CE00236995 /* What To EatTests */,
			);
		};
/* End PBXProject section */

/* Begin PBXResourcesBuildPhase section */
		84DECFD11F6108DF00236995 /* Resources */ = {
			isa = PBXResourcesBuildPhase;
			buildActionMask = 2147483647;
			files = (
				84DECFE11F6108DF00236995 /* LaunchScreen.storyboard in Resources */,
				84DECFDE1F6108DF00236995 /* Assets.xcassets in Resources */,
			);
			runOnlyForDeploymentPostprocessing = 0;
		};
		84DECFF31F6138CE00236995 /* Resources */ = {
			isa = PBXResourcesBuildPhase;
			buildActionMask = 2147483647;
			files = (
			);
			runOnlyForDeploymentPostprocessing = 0;
		};
/* End PBXResourcesBuildPhase section */

/* Begin PBXSourcesBuildPhase section */
		84DECFCF1F6108DF00236995 /* Sources */ = {
			isa = PBXSourcesBuildPhase;
			buildActionMask = 2147483647;
			files = (
				84DECFEB1F610C9000236995 /* FoodTracker.swift in Sources */,
				8B50BE4E1F62108100202929 /* Extensions.swift in Sources */,
				84DED00E1F67912600236995 /* DishCardViewManager.swift in Sources */,
				8B50BE5B1F6350D900202929 /* DishCardView.swift in Sources */,
				8B50BE511F621BCE00202929 /* WinChecker.swift in Sources */,
				84DECFED1F61120400236995 /* Cuisine.swift in Sources */,
				84DED0041F6247AA00236995 /* RoundResults.swift in Sources */,
				84DED0121F67D2A800236995 /* HTTPManager.swift in Sources */,
				84DED0071F624C8200236995 /* Constants.swift in Sources */,
				84DECFD91F6108DF00236995 /* FoodChoiceVC.swift in Sources */,
				8B50BE4B1F61C69000202929 /* RoundCreator.swift in Sources */,
				84DECFEF1F61149E00236995 /* Dish.swift in Sources */,
				84DECFD71F6108DF00236995 /* AppDelegate.swift in Sources */,
				84DED0141F67D2BF00236995 /* RestaurantSearchRequest.swift in Sources */,
				8B50BE571F6340B800202929 /* WinningVC.swift in Sources */,
				8B50BE541F6332CC00202929 /* Winner.swift in Sources */,
				84DECFE91F610BC200236995 /* CuisineChoices.swift in Sources */,
			);
			runOnlyForDeploymentPostprocessing = 0;
		};
		84DECFF11F6138CE00236995 /* Sources */ = {
			isa = PBXSourcesBuildPhase;
			buildActionMask = 2147483647;
			files = (
				84DECFFF1F613A1B00236995 /* Cuisine.swift in Sources */,
				8B50BE581F6340B800202929 /* WinningVC.swift in Sources */,
				84DED0051F6247AA00236995 /* RoundResults.swift in Sources */,
				8B50BE5C1F6350D900202929 /* DishCardView.swift in Sources */,
				84DED0021F613BBB00236995 /* Dish.swift in Sources */,
				84DED0011F613BB700236995 /* CuisineChoices.swift in Sources */,
				8B50BE4F1F62108100202929 /* Extensions.swift in Sources */,
				84DED0001F613A3F00236995 /* FoodTracker.swift in Sources */,
				84DED00F1F67912600236995 /* DishCardViewManager.swift in Sources */,
				8B50BE551F6332CC00202929 /* Winner.swift in Sources */,
				8B50BE521F621BCE00202929 /* WinChecker.swift in Sources */,
				8B50BE4C1F61C69000202929 /* RoundCreator.swift in Sources */,
				84DED0081F624C8200236995 /* Constants.swift in Sources */,
				84DECFF81F6138CE00236995 /* FoodTrackingSessionTests.swift in Sources */,
			);
			runOnlyForDeploymentPostprocessing = 0;
		};
/* End PBXSourcesBuildPhase section */

/* Begin PBXTargetDependency section */
		84DECFFB1F6138CE00236995 /* PBXTargetDependency */ = {
			isa = PBXTargetDependency;
			target = 84DECFD21F6108DF00236995 /* What To Eat */;
			targetProxy = 84DECFFA1F6138CE00236995 /* PBXContainerItemProxy */;
		};
/* End PBXTargetDependency section */

/* Begin PBXVariantGroup section */
		84DECFDF1F6108DF00236995 /* LaunchScreen.storyboard */ = {
			isa = PBXVariantGroup;
			children = (
				84DECFE01F6108DF00236995 /* Base */,
			);
			name = LaunchScreen.storyboard;
			sourceTree = "<group>";
		};
/* End PBXVariantGroup section */

/* Begin XCBuildConfiguration section */
		84DECFE31F6108DF00236995 /* Debug */ = {
			isa = XCBuildConfiguration;
			buildSettings = {
				ALWAYS_SEARCH_USER_PATHS = NO;
				CLANG_ANALYZER_NONNULL = YES;
				CLANG_ANALYZER_NUMBER_OBJECT_CONVERSION = YES_AGGRESSIVE;
				CLANG_CXX_LANGUAGE_STANDARD = "gnu++0x";
				CLANG_CXX_LIBRARY = "libc++";
				CLANG_ENABLE_MODULES = YES;
				CLANG_ENABLE_OBJC_ARC = YES;
				CLANG_WARN_BOOL_CONVERSION = YES;
				CLANG_WARN_CONSTANT_CONVERSION = YES;
				CLANG_WARN_DIRECT_OBJC_ISA_USAGE = YES_ERROR;
				CLANG_WARN_DOCUMENTATION_COMMENTS = YES;
				CLANG_WARN_EMPTY_BODY = YES;
				CLANG_WARN_ENUM_CONVERSION = YES;
				CLANG_WARN_INFINITE_RECURSION = YES;
				CLANG_WARN_INT_CONVERSION = YES;
				CLANG_WARN_OBJC_ROOT_CLASS = YES_ERROR;
				CLANG_WARN_SUSPICIOUS_MOVE = YES;
				CLANG_WARN_UNREACHABLE_CODE = YES;
				CLANG_WARN__DUPLICATE_METHOD_MATCH = YES;
				"CODE_SIGN_IDENTITY[sdk=iphoneos*]" = "iPhone Developer";
				COPY_PHASE_STRIP = NO;
				DEBUG_INFORMATION_FORMAT = dwarf;
				ENABLE_STRICT_OBJC_MSGSEND = YES;
				ENABLE_TESTABILITY = YES;
				GCC_C_LANGUAGE_STANDARD = gnu99;
				GCC_DYNAMIC_NO_PIC = NO;
				GCC_NO_COMMON_BLOCKS = YES;
				GCC_OPTIMIZATION_LEVEL = 0;
				GCC_PREPROCESSOR_DEFINITIONS = (
					"DEBUG=1",
					"$(inherited)",
				);
				GCC_WARN_64_TO_32_BIT_CONVERSION = YES;
				GCC_WARN_ABOUT_RETURN_TYPE = YES_ERROR;
				GCC_WARN_UNDECLARED_SELECTOR = YES;
				GCC_WARN_UNINITIALIZED_AUTOS = YES_AGGRESSIVE;
				GCC_WARN_UNUSED_FUNCTION = YES;
				GCC_WARN_UNUSED_VARIABLE = YES;
				IPHONEOS_DEPLOYMENT_TARGET = 10.3;
				MTL_ENABLE_DEBUG_INFO = YES;
				ONLY_ACTIVE_ARCH = YES;
				SDKROOT = iphoneos;
				SWIFT_ACTIVE_COMPILATION_CONDITIONS = DEBUG;
				SWIFT_OPTIMIZATION_LEVEL = "-Onone";
				TARGETED_DEVICE_FAMILY = "1,2";
			};
			name = Debug;
		};
		84DECFE41F6108DF00236995 /* Release */ = {
			isa = XCBuildConfiguration;
			buildSettings = {
				ALWAYS_SEARCH_USER_PATHS = NO;
				CLANG_ANALYZER_NONNULL = YES;
				CLANG_ANALYZER_NUMBER_OBJECT_CONVERSION = YES_AGGRESSIVE;
				CLANG_CXX_LANGUAGE_STANDARD = "gnu++0x";
				CLANG_CXX_LIBRARY = "libc++";
				CLANG_ENABLE_MODULES = YES;
				CLANG_ENABLE_OBJC_ARC = YES;
				CLANG_WARN_BOOL_CONVERSION = YES;
				CLANG_WARN_CONSTANT_CONVERSION = YES;
				CLANG_WARN_DIRECT_OBJC_ISA_USAGE = YES_ERROR;
				CLANG_WARN_DOCUMENTATION_COMMENTS = YES;
				CLANG_WARN_EMPTY_BODY = YES;
				CLANG_WARN_ENUM_CONVERSION = YES;
				CLANG_WARN_INFINITE_RECURSION = YES;
				CLANG_WARN_INT_CONVERSION = YES;
				CLANG_WARN_OBJC_ROOT_CLASS = YES_ERROR;
				CLANG_WARN_SUSPICIOUS_MOVE = YES;
				CLANG_WARN_UNREACHABLE_CODE = YES;
				CLANG_WARN__DUPLICATE_METHOD_MATCH = YES;
				"CODE_SIGN_IDENTITY[sdk=iphoneos*]" = "iPhone Developer";
				COPY_PHASE_STRIP = NO;
				DEBUG_INFORMATION_FORMAT = "dwarf-with-dsym";
				ENABLE_NS_ASSERTIONS = NO;
				ENABLE_STRICT_OBJC_MSGSEND = YES;
				GCC_C_LANGUAGE_STANDARD = gnu99;
				GCC_NO_COMMON_BLOCKS = YES;
				GCC_WARN_64_TO_32_BIT_CONVERSION = YES;
				GCC_WARN_ABOUT_RETURN_TYPE = YES_ERROR;
				GCC_WARN_UNDECLARED_SELECTOR = YES;
				GCC_WARN_UNINITIALIZED_AUTOS = YES_AGGRESSIVE;
				GCC_WARN_UNUSED_FUNCTION = YES;
				GCC_WARN_UNUSED_VARIABLE = YES;
				IPHONEOS_DEPLOYMENT_TARGET = 10.3;
				MTL_ENABLE_DEBUG_INFO = NO;
				SDKROOT = iphoneos;
				SWIFT_OPTIMIZATION_LEVEL = "-Owholemodule";
				TARGETED_DEVICE_FAMILY = "1,2";
				VALIDATE_PRODUCT = YES;
			};
			name = Release;
		};
		84DECFE61F6108DF00236995 /* Debug */ = {
			isa = XCBuildConfiguration;
			buildSettings = {
				ASSETCATALOG_COMPILER_APPICON_NAME = AppIcon;
				DEVELOPMENT_TEAM = KQ85KX5DW2;
				INFOPLIST_FILE = "What To Eat/Info.plist";
				LD_RUNPATH_SEARCH_PATHS = "$(inherited) @executable_path/Frameworks";
				PRODUCT_BUNDLE_IDENTIFIER = "com.esohjay.What-To-Eat";
				PRODUCT_NAME = "$(TARGET_NAME)";
				SWIFT_VERSION = 3.0;
			};
			name = Debug;
		};
		84DECFE71F6108DF00236995 /* Release */ = {
			isa = XCBuildConfiguration;
			buildSettings = {
				ASSETCATALOG_COMPILER_APPICON_NAME = AppIcon;
				DEVELOPMENT_TEAM = KQ85KX5DW2;
				INFOPLIST_FILE = "What To Eat/Info.plist";
				LD_RUNPATH_SEARCH_PATHS = "$(inherited) @executable_path/Frameworks";
				PRODUCT_BUNDLE_IDENTIFIER = "com.esohjay.What-To-Eat";
				PRODUCT_NAME = "$(TARGET_NAME)";
				SWIFT_VERSION = 3.0;
			};
			name = Release;
		};
		84DECFFD1F6138CE00236995 /* Debug */ = {
			isa = XCBuildConfiguration;
			buildSettings = {
				BUNDLE_LOADER = "$(TEST_HOST)";
				DEVELOPMENT_TEAM = KQ85KX5DW2;
				INFOPLIST_FILE = "What To EatTests/Info.plist";
				LD_RUNPATH_SEARCH_PATHS = "$(inherited) @executable_path/Frameworks @loader_path/Frameworks";
				PRODUCT_BUNDLE_IDENTIFIER = "com.esohjay.What-To-EatTests";
				PRODUCT_NAME = "$(TARGET_NAME)";
				SWIFT_VERSION = 3.0;
				TEST_HOST = "$(BUILT_PRODUCTS_DIR)/What To Eat.app/What To Eat";
			};
			name = Debug;
		};
		84DECFFE1F6138CE00236995 /* Release */ = {
			isa = XCBuildConfiguration;
			buildSettings = {
				BUNDLE_LOADER = "$(TEST_HOST)";
				DEVELOPMENT_TEAM = KQ85KX5DW2;
				INFOPLIST_FILE = "What To EatTests/Info.plist";
				LD_RUNPATH_SEARCH_PATHS = "$(inherited) @executable_path/Frameworks @loader_path/Frameworks";
				PRODUCT_BUNDLE_IDENTIFIER = "com.esohjay.What-To-EatTests";
				PRODUCT_NAME = "$(TARGET_NAME)";
				SWIFT_VERSION = 3.0;
				TEST_HOST = "$(BUILT_PRODUCTS_DIR)/What To Eat.app/What To Eat";
			};
			name = Release;
		};
/* End XCBuildConfiguration section */

/* Begin XCConfigurationList section */
		84DECFCE1F6108DF00236995 /* Build configuration list for PBXProject "What To Eat" */ = {
			isa = XCConfigurationList;
			buildConfigurations = (
				84DECFE31F6108DF00236995 /* Debug */,
				84DECFE41F6108DF00236995 /* Release */,
			);
			defaultConfigurationIsVisible = 0;
			defaultConfigurationName = Release;
		};
		84DECFE51F6108DF00236995 /* Build configuration list for PBXNativeTarget "What To Eat" */ = {
			isa = XCConfigurationList;
			buildConfigurations = (
				84DECFE61F6108DF00236995 /* Debug */,
				84DECFE71F6108DF00236995 /* Release */,
			);
			defaultConfigurationIsVisible = 0;
			defaultConfigurationName = Release;
		};
		84DECFFC1F6138CE00236995 /* Build configuration list for PBXNativeTarget "What To EatTests" */ = {
			isa = XCConfigurationList;
			buildConfigurations = (
				84DECFFD1F6138CE00236995 /* Debug */,
				84DECFFE1F6138CE00236995 /* Release */,
			);
			defaultConfigurationIsVisible = 0;
			defaultConfigurationName = Release;
		};
/* End XCConfigurationList section */
	};
	rootObject = 84DECFCB1F6108DF00236995 /* Project object */;
}
